
Microsoft Visual Studio Solution File, Format Version 12.00
# Visual Studio 15
VisualStudioVersion = 15.0.28307.421
MinimumVisualStudioVersion = 10.0.40219.1
Project("{FAE04EC0-301F-11D3-BF4B-00C04F79EFBC}") = "HamburguesaBuilder", "HamburguesaBuilder\HamburguesaBuilder.csproj", "{7E314178-41AF-4809-B5A4-910E6F2F4051}"
EndProject
Project("{FAE04EC0-301F-11D3-BF4B-00C04F79EFBC}") = "WindowsFormsApp1", "WindowsFormsApp1\WindowsFormsApp1.csproj", "{A0F857C1-4638-4C31-946B-A664E9E07E0B}"
EndProject
Global
	GlobalSection(SolutionConfigurationPlatforms) = preSolution
		Debug|Any CPU = Debug|Any CPU
		Release|Any CPU = Release|Any CPU
	EndGlobalSection
	GlobalSection(ProjectConfigurationPlatforms) = postSolution
		{7E314178-41AF-4809-B5A4-910E6F2F4051}.Debug|Any CPU.ActiveCfg = Debug|Any CPU
		{7E314178-41AF-4809-B5A4-910E6F2F4051}.Debug|Any CPU.Build.0 = Debug|Any CPU
		{7E314178-41AF-4809-B5A4-910E6F2F4051}.Release|Any CPU.ActiveCfg = Release|Any CPU
		{7E314178-41AF-4809-B5A4-910E6F2F4051}.Release|Any CPU.Build.0 = Release|Any CPU
		{A0F857C1-4638-4C31-946B-A664E9E07E0B}.Debug|Any CPU.ActiveCfg = Debug|Any CPU
		{A0F857C1-4638-4C31-946B-A664E9E07E0B}.Debug|Any CPU.Build.0 = Debug|Any CPU
		{A0F857C1-4638-4C31-946B-A664E9E07E0B}.Release|Any CPU.ActiveCfg = Release|Any CPU
		{A0F857C1-4638-4C31-946B-A664E9E07E0B}.Release|Any CPU.Build.0 = Release|Any CPU
	EndGlobalSection
	GlobalSection(SolutionProperties) = preSolution
		HideSolutionNode = FALSE
	EndGlobalSection
	GlobalSection(ExtensibilityGlobals) = postSolution
		SolutionGuid = {23958F1E-7D74-4505-BE3B-DD1C15F0371F}
	EndGlobalSection
EndGlobal
